
Microsoft Visual Studio Solution File, Format Version 12.00
# Visual Studio 2012
Project("{2150E333-8FDC-42A3-9474-1A3956D46DE8}") = ".nuget", ".nuget", "{DC3EDA75-61D5-46CB-92C3-35755AA517C4}"
	ProjectSection(SolutionItems) = preProject
		.nuget\NuGet.Config = .nuget\NuGet.Config
		.nuget\NuGet.exe = .nuget\NuGet.exe
		.nuget\NuGet.targets = .nuget\NuGet.targets
	EndProjectSection
EndProject
Project("{FAE04EC0-301F-11D3-BF4B-00C04F79EFBC}") = "MediatoriTest", "MediatoriTest\MediatoriTest.csproj", "{6FAA7C8B-F2AC-4281-969E-395B2DEED4FF}"
EndProject
Project("{2150E333-8FDC-42A3-9474-1A3956D46DE8}") = "Database", "Database", "{56B1B4C2-48AE-42B6-9F62-5D0E79BC338E}"
	ProjectSection(SolutionItems) = preProject
		Database\Insert.sql = Database\Insert.sql
		Database\Update01.sql = Database\Update01.sql
	EndProjectSection
EndProject
Project("{FAE04EC0-301F-11D3-BF4B-00C04F79EFBC}") = "DataModel", "DataModel\DataModel.csproj", "{2DC00126-5045-4BD2-9612-E79F2A50CB8B}"
EndProject
Project("{2150E333-8FDC-42A3-9474-1A3956D46DE8}") = "Solution Items", "Solution Items", "{48BE3EFE-3813-4E83-B2A4-CCC79D969018}"
	ProjectSection(SolutionItems) = preProject
		Azure.txt = Azure.txt
	EndProjectSection
EndProject
Project("{FAE04EC0-301F-11D3-BF4B-00C04F79EFBC}") = "DataModelTest", "DataModelTest\DataModelTest.csproj", "{347F6BC3-2892-43AA-B149-5B4787B7925F}"
EndProject
Project("{FAE04EC0-301F-11D3-BF4B-00C04F79EFBC}") = "MyManagerCSharp", "..\MyFramework4.0\MyManagerCSharp\MyManagerCSharp.csproj", "{1CFB1797-36C1-4887-B980-747FCC81D6A1}"
EndProject
Project("{FAE04EC0-301F-11D3-BF4B-00C04F79EFBC}") = "MyUsers", "..\MyFramework4.0\MyUsers\MyUsers.csproj", "{DE537BC0-C7B3-4F38-9DE2-5757D6D3999E}"
EndProject
Project("{FAE04EC0-301F-11D3-BF4B-00C04F79EFBC}") = "MediatoriV2", "MediatoriV2\MediatoriV2.csproj", "{2DB97B98-F859-4FE2-A68A-B73B7EBB6538}"
EndProject
Global
	GlobalSection(SolutionConfigurationPlatforms) = preSolution
		Debug|Any CPU = Debug|Any CPU
		Debug|x86 = Debug|x86
		Release|Any CPU = Release|Any CPU
		Release|x86 = Release|x86
	EndGlobalSection
	GlobalSection(ProjectConfigurationPlatforms) = postSolution
		{6FAA7C8B-F2AC-4281-969E-395B2DEED4FF}.Debug|Any CPU.ActiveCfg = Debug|Any CPU
		{6FAA7C8B-F2AC-4281-969E-395B2DEED4FF}.Debug|Any CPU.Build.0 = Debug|Any CPU
		{6FAA7C8B-F2AC-4281-969E-395B2DEED4FF}.Debug|x86.ActiveCfg = Debug|x86
		{6FAA7C8B-F2AC-4281-969E-395B2DEED4FF}.Release|Any CPU.ActiveCfg = Release|Any CPU
		{6FAA7C8B-F2AC-4281-969E-395B2DEED4FF}.Release|Any CPU.Build.0 = Release|Any CPU
		{6FAA7C8B-F2AC-4281-969E-395B2DEED4FF}.Release|x86.ActiveCfg = Release|x86
		{6FAA7C8B-F2AC-4281-969E-395B2DEED4FF}.Release|x86.Build.0 = Release|x86
		{2DC00126-5045-4BD2-9612-E79F2A50CB8B}.Debug|Any CPU.ActiveCfg = Debug|Any CPU
		{2DC00126-5045-4BD2-9612-E79F2A50CB8B}.Debug|Any CPU.Build.0 = Debug|Any CPU
		{2DC00126-5045-4BD2-9612-E79F2A50CB8B}.Debug|x86.ActiveCfg = Debug|Any CPU
		{2DC00126-5045-4BD2-9612-E79F2A50CB8B}.Release|Any CPU.ActiveCfg = Release|Any CPU
		{2DC00126-5045-4BD2-9612-E79F2A50CB8B}.Release|Any CPU.Build.0 = Release|Any CPU
		{2DC00126-5045-4BD2-9612-E79F2A50CB8B}.Release|x86.ActiveCfg = Release|Any CPU
		{347F6BC3-2892-43AA-B149-5B4787B7925F}.Debug|Any CPU.ActiveCfg = Debug|Any CPU
		{347F6BC3-2892-43AA-B149-5B4787B7925F}.Debug|Any CPU.Build.0 = Debug|Any CPU
		{347F6BC3-2892-43AA-B149-5B4787B7925F}.Debug|x86.ActiveCfg = Debug|Any CPU
		{347F6BC3-2892-43AA-B149-5B4787B7925F}.Release|Any CPU.ActiveCfg = Release|Any CPU
		{347F6BC3-2892-43AA-B149-5B4787B7925F}.Release|Any CPU.Build.0 = Release|Any CPU
		{347F6BC3-2892-43AA-B149-5B4787B7925F}.Release|x86.ActiveCfg = Release|Any CPU
		{1CFB1797-36C1-4887-B980-747FCC81D6A1}.Debug|Any CPU.ActiveCfg = Debug|Any CPU
		{1CFB1797-36C1-4887-B980-747FCC81D6A1}.Debug|Any CPU.Build.0 = Debug|Any CPU
		{1CFB1797-36C1-4887-B980-747FCC81D6A1}.Debug|x86.ActiveCfg = Debug|x86
		{1CFB1797-36C1-4887-B980-747FCC81D6A1}.Debug|x86.Build.0 = Debug|x86
		{1CFB1797-36C1-4887-B980-747FCC81D6A1}.Release|Any CPU.ActiveCfg = Release|Any CPU
		{1CFB1797-36C1-4887-B980-747FCC81D6A1}.Release|Any CPU.Build.0 = Release|Any CPU
		{1CFB1797-36C1-4887-B980-747FCC81D6A1}.Release|x86.ActiveCfg = Release|x86
		{1CFB1797-36C1-4887-B980-747FCC81D6A1}.Release|x86.Build.0 = Release|x86
		{DE537BC0-C7B3-4F38-9DE2-5757D6D3999E}.Debug|Any CPU.ActiveCfg = Debug|Any CPU
		{DE537BC0-C7B3-4F38-9DE2-5757D6D3999E}.Debug|Any CPU.Build.0 = Debug|Any CPU
		{DE537BC0-C7B3-4F38-9DE2-5757D6D3999E}.Debug|x86.ActiveCfg = Debug|Any CPU
		{DE537BC0-C7B3-4F38-9DE2-5757D6D3999E}.Release|Any CPU.ActiveCfg = Release|Any CPU
		{DE537BC0-C7B3-4F38-9DE2-5757D6D3999E}.Release|Any CPU.Build.0 = Release|Any CPU
		{DE537BC0-C7B3-4F38-9DE2-5757D6D3999E}.Release|x86.ActiveCfg = Release|Any CPU
		{2DB97B98-F859-4FE2-A68A-B73B7EBB6538}.Debug|Any CPU.ActiveCfg = Debug|Any CPU
		{2DB97B98-F859-4FE2-A68A-B73B7EBB6538}.Debug|Any CPU.Build.0 = Debug|Any CPU
		{2DB97B98-F859-4FE2-A68A-B73B7EBB6538}.Debug|x86.ActiveCfg = Debug|x86
		{2DB97B98-F859-4FE2-A68A-B73B7EBB6538}.Debug|x86.Build.0 = Debug|x86
		{2DB97B98-F859-4FE2-A68A-B73B7EBB6538}.Release|Any CPU.ActiveCfg = Release|Any CPU
		{2DB97B98-F859-4FE2-A68A-B73B7EBB6538}.Release|Any CPU.Build.0 = Release|Any CPU
		{2DB97B98-F859-4FE2-A68A-B73B7EBB6538}.Release|x86.ActiveCfg = Release|x86
		{2DB97B98-F859-4FE2-A68A-B73B7EBB6538}.Release|x86.Build.0 = Release|x86
	EndGlobalSection
	GlobalSection(SolutionProperties) = preSolution
		HideSolutionNode = FALSE
	EndGlobalSection
EndGlobal
